
Microsoft Visual Studio Solution File, Format Version 12.00
# Visual Studio Version 17
VisualStudioVersion = 17.0.31903.59
MinimumVisualStudioVersion = 10.0.40219.1
Project("{2150E333-8FDC-42A3-9474-1A3956D46DE8}") = "Infrastructure", "Infrastructure", "{DE739636-E2CB-4361-99A4-AC3BB029CCAF}"
EndProject
Project("{2150E333-8FDC-42A3-9474-1A3956D46DE8}") = "Domain", "Domain", "{8EA76B14-2484-414E-B91A-0DA0071D196F}"
EndProject
Project("{2150E333-8FDC-42A3-9474-1A3956D46DE8}") = "Application", "Application", "{16B814AF-F047-4804-B40A-884880751ACD}"
EndProject
Project("{2150E333-8FDC-42A3-9474-1A3956D46DE8}") = "API", "API", "{4CD27A06-9430-4CAA-9D49-02E175AD0209}"
EndProject
Project("{2150E333-8FDC-42A3-9474-1A3956D46DE8}") = "Solution Items", "Solution Items", "{BDC833FB-A305-47BD-A41D-7468CBA11307}"
	ProjectSection(SolutionItems) = preProject
		.editorconfig = .editorconfig
		Directory.Build.props = Directory.Build.props
		Directory.Packages.props = Directory.Packages.props
		README.md = README.md
	EndProjectSection
EndProject
Project("{9A19103F-16F7-4668-BE54-9A1E7A4F7556}") = "BuberDinner.Api", "Api\src\BuberDinner.Api.csproj", "{116D2DB8-7C91-49CE-8B11-46886C31A113}"
EndProject
Project("{9A19103F-16F7-4668-BE54-9A1E7A4F7556}") = "BuberDinner.Api.Tests", "Api\tests\BuberDinner.Api.Tests.csproj", "{ADF69E16-A2EF-4766-B4C1-348A4C17F9FC}"
EndProject
Project("{9A19103F-16F7-4668-BE54-9A1E7A4F7556}") = "BuberDinner.Application", "Application\src\BuberDinner.Application.csproj", "{9089414C-79FA-42C4-A06B-AA6755236778}"
EndProject
Project("{9A19103F-16F7-4668-BE54-9A1E7A4F7556}") = "BuberDinner.Application.Tests", "Application\tests\BuberDinner.Application.Tests.csproj", "{EDC306D6-C37C-4EFF-8DA0-1AA1308DD361}"
EndProject
Project("{9A19103F-16F7-4668-BE54-9A1E7A4F7556}") = "BuberDinner.Domain", "Domain\src\BuberDinner.Domain.csproj", "{C953BAFF-51EC-441C-854F-42D2FA6B042D}"
EndProject
Project("{9A19103F-16F7-4668-BE54-9A1E7A4F7556}") = "BuberDinner.Domain.Tests", "Domain\tests\BuberDinner.Domain.Tests.csproj", "{97F300F7-52B2-4F31-89A0-BDBD8A857487}"
EndProject
Project("{9A19103F-16F7-4668-BE54-9A1E7A4F7556}") = "BuberDinner.Infrastructure", "Infrastructure\src\BuberDinner.Infrastructure.csproj", "{F06741C6-2C05-48D7-9A21-6F07328938B1}"
EndProject
Project("{9A19103F-16F7-4668-BE54-9A1E7A4F7556}") = "BuberDinner.Infrastructure.Tests", "Infrastructure\tests\BuberDinner.Infrastructure.Tests.csproj", "{B862E6F8-8D28-41C9-8682-678CC30692ED}"
EndProject
Global
	GlobalSection(SolutionConfigurationPlatforms) = preSolution
		Debug|Any CPU = Debug|Any CPU
		Release|Any CPU = Release|Any CPU
	EndGlobalSection
	GlobalSection(ProjectConfigurationPlatforms) = postSolution
		{116D2DB8-7C91-49CE-8B11-46886C31A113}.Debug|Any CPU.ActiveCfg = Debug|Any CPU
		{116D2DB8-7C91-49CE-8B11-46886C31A113}.Debug|Any CPU.Build.0 = Debug|Any CPU
		{116D2DB8-7C91-49CE-8B11-46886C31A113}.Release|Any CPU.ActiveCfg = Release|Any CPU
		{116D2DB8-7C91-49CE-8B11-46886C31A113}.Release|Any CPU.Build.0 = Release|Any CPU
		{ADF69E16-A2EF-4766-B4C1-348A4C17F9FC}.Debug|Any CPU.ActiveCfg = Debug|Any CPU
		{ADF69E16-A2EF-4766-B4C1-348A4C17F9FC}.Debug|Any CPU.Build.0 = Debug|Any CPU
		{ADF69E16-A2EF-4766-B4C1-348A4C17F9FC}.Release|Any CPU.ActiveCfg = Release|Any CPU
		{ADF69E16-A2EF-4766-B4C1-348A4C17F9FC}.Release|Any CPU.Build.0 = Release|Any CPU
		{9089414C-79FA-42C4-A06B-AA6755236778}.Debug|Any CPU.ActiveCfg = Debug|Any CPU
		{9089414C-79FA-42C4-A06B-AA6755236778}.Debug|Any CPU.Build.0 = Debug|Any CPU
		{9089414C-79FA-42C4-A06B-AA6755236778}.Release|Any CPU.ActiveCfg = Release|Any CPU
		{9089414C-79FA-42C4-A06B-AA6755236778}.Release|Any CPU.Build.0 = Release|Any CPU
		{EDC306D6-C37C-4EFF-8DA0-1AA1308DD361}.Debug|Any CPU.ActiveCfg = Debug|Any CPU
		{EDC306D6-C37C-4EFF-8DA0-1AA1308DD361}.Debug|Any CPU.Build.0 = Debug|Any CPU
		{EDC306D6-C37C-4EFF-8DA0-1AA1308DD361}.Release|Any CPU.ActiveCfg = Release|Any CPU
		{EDC306D6-C37C-4EFF-8DA0-1AA1308DD361}.Release|Any CPU.Build.0 = Release|Any CPU
		{C953BAFF-51EC-441C-854F-42D2FA6B042D}.Debug|Any CPU.ActiveCfg = Debug|Any CPU
		{C953BAFF-51EC-441C-854F-42D2FA6B042D}.Debug|Any CPU.Build.0 = Debug|Any CPU
		{C953BAFF-51EC-441C-854F-42D2FA6B042D}.Release|Any CPU.ActiveCfg = Release|Any CPU
		{C953BAFF-51EC-441C-854F-42D2FA6B042D}.Release|Any CPU.Build.0 = Release|Any CPU
		{97F300F7-52B2-4F31-89A0-BDBD8A857487}.Debug|Any CPU.ActiveCfg = Debug|Any CPU
		{97F300F7-52B2-4F31-89A0-BDBD8A857487}.Debug|Any CPU.Build.0 = Debug|Any CPU
		{97F300F7-52B2-4F31-89A0-BDBD8A857487}.Release|Any CPU.ActiveCfg = Release|Any CPU
		{97F300F7-52B2-4F31-89A0-BDBD8A857487}.Release|Any CPU.Build.0 = Release|Any CPU
		{F06741C6-2C05-48D7-9A21-6F07328938B1}.Debug|Any CPU.ActiveCfg = Debug|Any CPU
		{F06741C6-2C05-48D7-9A21-6F07328938B1}.Debug|Any CPU.Build.0 = Debug|Any CPU
		{F06741C6-2C05-48D7-9A21-6F07328938B1}.Release|Any CPU.ActiveCfg = Release|Any CPU
		{F06741C6-2C05-48D7-9A21-6F07328938B1}.Release|Any CPU.Build.0 = Release|Any CPU
		{B862E6F8-8D28-41C9-8682-678CC30692ED}.Debug|Any CPU.ActiveCfg = Debug|Any CPU
		{B862E6F8-8D28-41C9-8682-678CC30692ED}.Debug|Any CPU.Build.0 = Debug|Any CPU
		{B862E6F8-8D28-41C9-8682-678CC30692ED}.Release|Any CPU.ActiveCfg = Release|Any CPU
		{B862E6F8-8D28-41C9-8682-678CC30692ED}.Release|Any CPU.Build.0 = Release|Any CPU
	EndGlobalSection
	GlobalSection(SolutionProperties) = preSolution
		HideSolutionNode = FALSE
	EndGlobalSection
	GlobalSection(NestedProjects) = preSolution
		{116D2DB8-7C91-49CE-8B11-46886C31A113} = {4CD27A06-9430-4CAA-9D49-02E175AD0209}
		{ADF69E16-A2EF-4766-B4C1-348A4C17F9FC} = {4CD27A06-9430-4CAA-9D49-02E175AD0209}
		{9089414C-79FA-42C4-A06B-AA6755236778} = {16B814AF-F047-4804-B40A-884880751ACD}
		{EDC306D6-C37C-4EFF-8DA0-1AA1308DD361} = {16B814AF-F047-4804-B40A-884880751ACD}
		{C953BAFF-51EC-441C-854F-42D2FA6B042D} = {8EA76B14-2484-414E-B91A-0DA0071D196F}
		{97F300F7-52B2-4F31-89A0-BDBD8A857487} = {8EA76B14-2484-414E-B91A-0DA0071D196F}
		{F06741C6-2C05-48D7-9A21-6F07328938B1} = {DE739636-E2CB-4361-99A4-AC3BB029CCAF}
		{B862E6F8-8D28-41C9-8682-678CC30692ED} = {DE739636-E2CB-4361-99A4-AC3BB029CCAF}
	EndGlobalSection
	GlobalSection(ExtensibilityGlobals) = postSolution
		SolutionGuid = {339F67B3-D073-4BDF-9C41-45665718976B}
	EndGlobalSection
EndGlobal
