
Microsoft Visual Studio Solution File, Format Version 12.00
# Visual Studio Version 17
VisualStudioVersion = 17.0.31903.59
MinimumVisualStudioVersion = 10.0.40219.1
Project("{2150E333-8FDC-42A3-9474-1A3956D46DE8}") = "Infrastructure", "Infrastructure", "{DE739636-E2CB-4361-99A4-AC3BB029CCAF}"
EndProject
Project("{9A19103F-16F7-4668-BE54-9A1E7A4F7556}") = "BuberDinner.Infrastructure", "BuberDinner.Infrastructure\src\BuberDinner.Infrastructure.csproj", "{0783F1A6-30EF-434E-BF15-01702B1A1AD4}"
EndProject
Project("{2150E333-8FDC-42A3-9474-1A3956D46DE8}") = "Domain", "Domain", "{8EA76B14-2484-414E-B91A-0DA0071D196F}"
EndProject
Project("{9A19103F-16F7-4668-BE54-9A1E7A4F7556}") = "BuberDinner.Domain", "BuberDinner.Domain\src\BuberDinner.Domain.csproj", "{19F6EF89-C860-40E9-9F14-6D0DBE7C598E}"
EndProject
Project("{2150E333-8FDC-42A3-9474-1A3956D46DE8}") = "Application", "Application", "{16B814AF-F047-4804-B40A-884880751ACD}"
EndProject
Project("{9A19103F-16F7-4668-BE54-9A1E7A4F7556}") = "BuberDinner.Application", "BuberDinner.Application\src\BuberDinner.Application.csproj", "{1A3D5544-3366-4431-93BA-988B81F29AB6}"
EndProject
Project("{2150E333-8FDC-42A3-9474-1A3956D46DE8}") = "API", "API", "{4CD27A06-9430-4CAA-9D49-02E175AD0209}"
EndProject
Project("{9A19103F-16F7-4668-BE54-9A1E7A4F7556}") = "BuberDinner.Api", "BuberDinner.Api\src\BuberDinner.Api.csproj", "{711C1A87-0639-4552-8531-19799A44ABE9}"
EndProject
Project("{9A19103F-16F7-4668-BE54-9A1E7A4F7556}") = "BuberDinner.Contracts", "BuberDinner.Contracts\BuberDinner.Contracts.csproj", "{DF6120E0-CA84-4B63-BB87-A80F5ED24C2A}"
EndProject
Project("{9A19103F-16F7-4668-BE54-9A1E7A4F7556}") = "BuberDinner.Domain.Tests", "BuberDinner.Domain\tests\BuberDinner.Domain.Tests.csproj", "{9A51CC05-564B-424C-B8C3-F15AE8AE0BF7}"
EndProject
Project("{9A19103F-16F7-4668-BE54-9A1E7A4F7556}") = "BuberDinner.Application.Tests", "BuberDinner.Application\tests\BuberDinner.Application.Tests.csproj", "{5EDE1B43-F501-4A47-B1B7-050CB0145AEC}"
EndProject
Global
	GlobalSection(SolutionConfigurationPlatforms) = preSolution
		Debug|Any CPU = Debug|Any CPU
		Release|Any CPU = Release|Any CPU
	EndGlobalSection
	GlobalSection(ProjectConfigurationPlatforms) = postSolution
		{0783F1A6-30EF-434E-BF15-01702B1A1AD4}.Debug|Any CPU.ActiveCfg = Debug|Any CPU
		{0783F1A6-30EF-434E-BF15-01702B1A1AD4}.Debug|Any CPU.Build.0 = Debug|Any CPU
		{0783F1A6-30EF-434E-BF15-01702B1A1AD4}.Release|Any CPU.ActiveCfg = Release|Any CPU
		{0783F1A6-30EF-434E-BF15-01702B1A1AD4}.Release|Any CPU.Build.0 = Release|Any CPU
		{19F6EF89-C860-40E9-9F14-6D0DBE7C598E}.Debug|Any CPU.ActiveCfg = Debug|Any CPU
		{19F6EF89-C860-40E9-9F14-6D0DBE7C598E}.Debug|Any CPU.Build.0 = Debug|Any CPU
		{19F6EF89-C860-40E9-9F14-6D0DBE7C598E}.Release|Any CPU.ActiveCfg = Release|Any CPU
		{19F6EF89-C860-40E9-9F14-6D0DBE7C598E}.Release|Any CPU.Build.0 = Release|Any CPU
		{1A3D5544-3366-4431-93BA-988B81F29AB6}.Debug|Any CPU.ActiveCfg = Debug|Any CPU
		{1A3D5544-3366-4431-93BA-988B81F29AB6}.Debug|Any CPU.Build.0 = Debug|Any CPU
		{1A3D5544-3366-4431-93BA-988B81F29AB6}.Release|Any CPU.ActiveCfg = Release|Any CPU
		{1A3D5544-3366-4431-93BA-988B81F29AB6}.Release|Any CPU.Build.0 = Release|Any CPU
		{711C1A87-0639-4552-8531-19799A44ABE9}.Debug|Any CPU.ActiveCfg = Debug|Any CPU
		{711C1A87-0639-4552-8531-19799A44ABE9}.Debug|Any CPU.Build.0 = Debug|Any CPU
		{711C1A87-0639-4552-8531-19799A44ABE9}.Release|Any CPU.ActiveCfg = Release|Any CPU
		{711C1A87-0639-4552-8531-19799A44ABE9}.Release|Any CPU.Build.0 = Release|Any CPU
		{DF6120E0-CA84-4B63-BB87-A80F5ED24C2A}.Debug|Any CPU.ActiveCfg = Debug|Any CPU
		{DF6120E0-CA84-4B63-BB87-A80F5ED24C2A}.Debug|Any CPU.Build.0 = Debug|Any CPU
		{DF6120E0-CA84-4B63-BB87-A80F5ED24C2A}.Release|Any CPU.ActiveCfg = Release|Any CPU
		{DF6120E0-CA84-4B63-BB87-A80F5ED24C2A}.Release|Any CPU.Build.0 = Release|Any CPU
		{9A51CC05-564B-424C-B8C3-F15AE8AE0BF7}.Debug|Any CPU.ActiveCfg = Debug|Any CPU
		{9A51CC05-564B-424C-B8C3-F15AE8AE0BF7}.Debug|Any CPU.Build.0 = Debug|Any CPU
		{9A51CC05-564B-424C-B8C3-F15AE8AE0BF7}.Release|Any CPU.ActiveCfg = Release|Any CPU
		{9A51CC05-564B-424C-B8C3-F15AE8AE0BF7}.Release|Any CPU.Build.0 = Release|Any CPU
		{5EDE1B43-F501-4A47-B1B7-050CB0145AEC}.Debug|Any CPU.ActiveCfg = Debug|Any CPU
		{5EDE1B43-F501-4A47-B1B7-050CB0145AEC}.Debug|Any CPU.Build.0 = Debug|Any CPU
		{5EDE1B43-F501-4A47-B1B7-050CB0145AEC}.Release|Any CPU.ActiveCfg = Release|Any CPU
		{5EDE1B43-F501-4A47-B1B7-050CB0145AEC}.Release|Any CPU.Build.0 = Release|Any CPU
	EndGlobalSection
	GlobalSection(SolutionProperties) = preSolution
		HideSolutionNode = FALSE
	EndGlobalSection
	GlobalSection(NestedProjects) = preSolution
		{0783F1A6-30EF-434E-BF15-01702B1A1AD4} = {DE739636-E2CB-4361-99A4-AC3BB029CCAF}
		{19F6EF89-C860-40E9-9F14-6D0DBE7C598E} = {8EA76B14-2484-414E-B91A-0DA0071D196F}
		{1A3D5544-3366-4431-93BA-988B81F29AB6} = {16B814AF-F047-4804-B40A-884880751ACD}
		{711C1A87-0639-4552-8531-19799A44ABE9} = {4CD27A06-9430-4CAA-9D49-02E175AD0209}
		{9A51CC05-564B-424C-B8C3-F15AE8AE0BF7} = {8EA76B14-2484-414E-B91A-0DA0071D196F}
		{5EDE1B43-F501-4A47-B1B7-050CB0145AEC} = {16B814AF-F047-4804-B40A-884880751ACD}
	EndGlobalSection
	GlobalSection(ExtensibilityGlobals) = postSolution
		SolutionGuid = {339F67B3-D073-4BDF-9C41-45665718976B}
	EndGlobalSection
EndGlobal
