
Microsoft Visual Studio Solution File, Format Version 12.00
# Visual Studio Version 17
VisualStudioVersion = 17.0.31903.59
MinimumVisualStudioVersion = 10.0.40219.1
Project("{9A19103F-16F7-4668-BE54-9A1E7A4F7556}") = "BuberDinner.Api", "BuberDinner.Api\BuberDinner.Api.csproj", "{D298E51A-926B-453F-830B-0742A6A61FF7}"
EndProject
Project("{9A19103F-16F7-4668-BE54-9A1E7A4F7556}") = "BuberDinner.Application", "BuberDinner.Application\BuberDinner.Application.csproj", "{72B05D80-0518-4A17-8488-5D0947397904}"
EndProject
Project("{9A19103F-16F7-4668-BE54-9A1E7A4F7556}") = "BuberDinner.Contracts", "BuberDinner.Contracts\BuberDinner.Contracts.csproj", "{B4BCD8A7-42F6-4FB6-BC0F-F3C7E6BF041D}"
EndProject
Project("{9A19103F-16F7-4668-BE54-9A1E7A4F7556}") = "BuberDinner.Domain", "BuberDinner.Domain\BuberDinner.Domain.csproj", "{9D358842-FC73-40D5-850C-DBE03E401BAA}"
EndProject
Project("{9A19103F-16F7-4668-BE54-9A1E7A4F7556}") = "BuberDinner.Infrastructure", "BuberDinner.Infrastructure\BuberDinner.Infrastructure.csproj", "{7621000D-2B24-4B2D-9D82-F9CDE8749CA8}"
EndProject
Project("{9A19103F-16F7-4668-BE54-9A1E7A4F7556}") = "CSharpFunctionalExtensions.Errors", "CSharpFunctionalExtensions.Errors\CSharpFunctionalExtensions.Errors.csproj", "{11996520-AE89-45E3-AD87-B644752912CD}"
EndProject
Project("{FAE04EC0-301F-11D3-BF4B-00C04F79EFBC}") = "CSharpFunctionalExtensions.Asp", "CSharpFunctionalExtensions.Asp\CSharpFunctionalExtensions.Asp.csproj", "{85E69A01-DFCD-4EC7-8382-300D6B73AFC7}"
EndProject
Global
	GlobalSection(SolutionConfigurationPlatforms) = preSolution
		Debug|Any CPU = Debug|Any CPU
		Release|Any CPU = Release|Any CPU
	EndGlobalSection
	GlobalSection(ProjectConfigurationPlatforms) = postSolution
		{D298E51A-926B-453F-830B-0742A6A61FF7}.Debug|Any CPU.ActiveCfg = Debug|Any CPU
		{D298E51A-926B-453F-830B-0742A6A61FF7}.Debug|Any CPU.Build.0 = Debug|Any CPU
		{D298E51A-926B-453F-830B-0742A6A61FF7}.Release|Any CPU.ActiveCfg = Release|Any CPU
		{D298E51A-926B-453F-830B-0742A6A61FF7}.Release|Any CPU.Build.0 = Release|Any CPU
		{72B05D80-0518-4A17-8488-5D0947397904}.Debug|Any CPU.ActiveCfg = Debug|Any CPU
		{72B05D80-0518-4A17-8488-5D0947397904}.Debug|Any CPU.Build.0 = Debug|Any CPU
		{72B05D80-0518-4A17-8488-5D0947397904}.Release|Any CPU.ActiveCfg = Release|Any CPU
		{72B05D80-0518-4A17-8488-5D0947397904}.Release|Any CPU.Build.0 = Release|Any CPU
		{B4BCD8A7-42F6-4FB6-BC0F-F3C7E6BF041D}.Debug|Any CPU.ActiveCfg = Debug|Any CPU
		{B4BCD8A7-42F6-4FB6-BC0F-F3C7E6BF041D}.Debug|Any CPU.Build.0 = Debug|Any CPU
		{B4BCD8A7-42F6-4FB6-BC0F-F3C7E6BF041D}.Release|Any CPU.ActiveCfg = Release|Any CPU
		{B4BCD8A7-42F6-4FB6-BC0F-F3C7E6BF041D}.Release|Any CPU.Build.0 = Release|Any CPU
		{9D358842-FC73-40D5-850C-DBE03E401BAA}.Debug|Any CPU.ActiveCfg = Debug|Any CPU
		{9D358842-FC73-40D5-850C-DBE03E401BAA}.Debug|Any CPU.Build.0 = Debug|Any CPU
		{9D358842-FC73-40D5-850C-DBE03E401BAA}.Release|Any CPU.ActiveCfg = Release|Any CPU
		{9D358842-FC73-40D5-850C-DBE03E401BAA}.Release|Any CPU.Build.0 = Release|Any CPU
		{7621000D-2B24-4B2D-9D82-F9CDE8749CA8}.Debug|Any CPU.ActiveCfg = Debug|Any CPU
		{7621000D-2B24-4B2D-9D82-F9CDE8749CA8}.Debug|Any CPU.Build.0 = Debug|Any CPU
		{7621000D-2B24-4B2D-9D82-F9CDE8749CA8}.Release|Any CPU.ActiveCfg = Release|Any CPU
		{7621000D-2B24-4B2D-9D82-F9CDE8749CA8}.Release|Any CPU.Build.0 = Release|Any CPU
		{11996520-AE89-45E3-AD87-B644752912CD}.Debug|Any CPU.ActiveCfg = Debug|Any CPU
		{11996520-AE89-45E3-AD87-B644752912CD}.Debug|Any CPU.Build.0 = Debug|Any CPU
		{11996520-AE89-45E3-AD87-B644752912CD}.Release|Any CPU.ActiveCfg = Release|Any CPU
		{11996520-AE89-45E3-AD87-B644752912CD}.Release|Any CPU.Build.0 = Release|Any CPU
		{85E69A01-DFCD-4EC7-8382-300D6B73AFC7}.Debug|Any CPU.ActiveCfg = Debug|Any CPU
		{85E69A01-DFCD-4EC7-8382-300D6B73AFC7}.Debug|Any CPU.Build.0 = Debug|Any CPU
		{85E69A01-DFCD-4EC7-8382-300D6B73AFC7}.Release|Any CPU.ActiveCfg = Release|Any CPU
		{85E69A01-DFCD-4EC7-8382-300D6B73AFC7}.Release|Any CPU.Build.0 = Release|Any CPU
	EndGlobalSection
	GlobalSection(SolutionProperties) = preSolution
		HideSolutionNode = FALSE
	EndGlobalSection
	GlobalSection(ExtensibilityGlobals) = postSolution
		SolutionGuid = {339F67B3-D073-4BDF-9C41-45665718976B}
	EndGlobalSection
EndGlobal
